
Microsoft Visual Studio Solution File, Format Version 12.00
# Visual Studio Version 17
VisualStudioVersion = 17.0.31903.59
MinimumVisualStudioVersion = 10.0.40219.1
Project("{2150E333-8FDC-42A3-9474-1A3956D46DE8}") = "src", "src", "{8D1D82DD-3B30-4B64-A0DA-EB33D3305801}"
EndProject
Project("{FAE04EC0-301F-11D3-BF4B-00C04F79EFBC}") = "ReduxSharp", "src\ReduxSharp\ReduxSharp.csproj", "{E2887936-8E66-48E3-BBD5-D278F172FF72}"
EndProject
Project("{FAE04EC0-301F-11D3-BF4B-00C04F79EFBC}") = "ReduxSharp.Core", "src\ReduxSharp.Core\ReduxSharp.Core.csproj", "{134724C1-76B3-47D2-A077-D5DE7DAA6ECA}"
EndProject
Project("{FAE04EC0-301F-11D3-BF4B-00C04F79EFBC}") = "ReduxSharp.Generators", "src\ReduxSharp.Generators\ReduxSharp.Generators.csproj", "{E91173C2-820A-40E0-9E88-8F2704079609}"
EndProject
Project("{FAE04EC0-301F-11D3-BF4B-00C04F79EFBC}") = "ReduxSharp.Generators.Attributes", "src\ReduxSharp.Generators.Attributes\ReduxSharp.Generators.Attributes.csproj", "{520B2C28-8FD9-4467-9C69-D416C4440F9B}"
EndProject
Global
	GlobalSection(SolutionConfigurationPlatforms) = preSolution
		Debug|Any CPU = Debug|Any CPU
		Release|Any CPU = Release|Any CPU
	EndGlobalSection
	GlobalSection(SolutionProperties) = preSolution
		HideSolutionNode = FALSE
	EndGlobalSection
	GlobalSection(ProjectConfigurationPlatforms) = postSolution
		{E2887936-8E66-48E3-BBD5-D278F172FF72}.Debug|Any CPU.ActiveCfg = Debug|Any CPU
		{E2887936-8E66-48E3-BBD5-D278F172FF72}.Debug|Any CPU.Build.0 = Debug|Any CPU
		{E2887936-8E66-48E3-BBD5-D278F172FF72}.Release|Any CPU.ActiveCfg = Release|Any CPU
		{E2887936-8E66-48E3-BBD5-D278F172FF72}.Release|Any CPU.Build.0 = Release|Any CPU
		{134724C1-76B3-47D2-A077-D5DE7DAA6ECA}.Debug|Any CPU.ActiveCfg = Debug|Any CPU
		{134724C1-76B3-47D2-A077-D5DE7DAA6ECA}.Debug|Any CPU.Build.0 = Debug|Any CPU
		{134724C1-76B3-47D2-A077-D5DE7DAA6ECA}.Release|Any CPU.ActiveCfg = Release|Any CPU
		{134724C1-76B3-47D2-A077-D5DE7DAA6ECA}.Release|Any CPU.Build.0 = Release|Any CPU
		{E91173C2-820A-40E0-9E88-8F2704079609}.Debug|Any CPU.ActiveCfg = Debug|Any CPU
		{E91173C2-820A-40E0-9E88-8F2704079609}.Debug|Any CPU.Build.0 = Debug|Any CPU
		{E91173C2-820A-40E0-9E88-8F2704079609}.Release|Any CPU.ActiveCfg = Release|Any CPU
		{E91173C2-820A-40E0-9E88-8F2704079609}.Release|Any CPU.Build.0 = Release|Any CPU
		{520B2C28-8FD9-4467-9C69-D416C4440F9B}.Debug|Any CPU.ActiveCfg = Debug|Any CPU
		{520B2C28-8FD9-4467-9C69-D416C4440F9B}.Debug|Any CPU.Build.0 = Debug|Any CPU
		{520B2C28-8FD9-4467-9C69-D416C4440F9B}.Release|Any CPU.ActiveCfg = Release|Any CPU
		{520B2C28-8FD9-4467-9C69-D416C4440F9B}.Release|Any CPU.Build.0 = Release|Any CPU
	EndGlobalSection
	GlobalSection(NestedProjects) = preSolution
		{E2887936-8E66-48E3-BBD5-D278F172FF72} = {8D1D82DD-3B30-4B64-A0DA-EB33D3305801}
		{134724C1-76B3-47D2-A077-D5DE7DAA6ECA} = {8D1D82DD-3B30-4B64-A0DA-EB33D3305801}
		{E91173C2-820A-40E0-9E88-8F2704079609} = {8D1D82DD-3B30-4B64-A0DA-EB33D3305801}
		{520B2C28-8FD9-4467-9C69-D416C4440F9B} = {8D1D82DD-3B30-4B64-A0DA-EB33D3305801}
	EndGlobalSection
EndGlobal
